
Microsoft Visual Studio Solution File, Format Version 12.00
# Visual Studio Version 16
VisualStudioVersion = 16.0.28917.182
MinimumVisualStudioVersion = 10.0.40219.1
Project("{9A19103F-16F7-4668-BE54-9A1E7A4F7556}") = "AsyncStreamsSample", "..\AsyncStreamsSample\AsyncStreamsSample.csproj", "{FE0E0AAC-A8A6-43EF-86F5-F70A19F55B02}"
EndProject
Project("{9A19103F-16F7-4668-BE54-9A1E7A4F7556}") = "RangesSample", "..\RangesSample\RangesSample.csproj", "{88F28E48-8A1C-44FA-BD9B-56253A9B7E33}"
EndProject
Project("{9A19103F-16F7-4668-BE54-9A1E7A4F7556}") = "NullabilitySample", "..\NullabilitySample\NullabilitySample.csproj", "{EF54D59A-56C6-45D4-A7E2-623AD39693EB}"
EndProject
Global
	GlobalSection(SolutionConfigurationPlatforms) = preSolution
		Debug|Any CPU = Debug|Any CPU
		Release|Any CPU = Release|Any CPU
	EndGlobalSection
	GlobalSection(ProjectConfigurationPlatforms) = postSolution
		{FE0E0AAC-A8A6-43EF-86F5-F70A19F55B02}.Debug|Any CPU.ActiveCfg = Debug|Any CPU
		{FE0E0AAC-A8A6-43EF-86F5-F70A19F55B02}.Debug|Any CPU.Build.0 = Debug|Any CPU
		{FE0E0AAC-A8A6-43EF-86F5-F70A19F55B02}.Release|Any CPU.ActiveCfg = Release|Any CPU
		{FE0E0AAC-A8A6-43EF-86F5-F70A19F55B02}.Release|Any CPU.Build.0 = Release|Any CPU
		{88F28E48-8A1C-44FA-BD9B-56253A9B7E33}.Debug|Any CPU.ActiveCfg = Debug|Any CPU
		{88F28E48-8A1C-44FA-BD9B-56253A9B7E33}.Debug|Any CPU.Build.0 = Debug|Any CPU
		{88F28E48-8A1C-44FA-BD9B-56253A9B7E33}.Release|Any CPU.ActiveCfg = Release|Any CPU
		{88F28E48-8A1C-44FA-BD9B-56253A9B7E33}.Release|Any CPU.Build.0 = Release|Any CPU
		{EF54D59A-56C6-45D4-A7E2-623AD39693EB}.Debug|Any CPU.ActiveCfg = Debug|Any CPU
		{EF54D59A-56C6-45D4-A7E2-623AD39693EB}.Debug|Any CPU.Build.0 = Debug|Any CPU
		{EF54D59A-56C6-45D4-A7E2-623AD39693EB}.Release|Any CPU.ActiveCfg = Release|Any CPU
		{EF54D59A-56C6-45D4-A7E2-623AD39693EB}.Release|Any CPU.Build.0 = Release|Any CPU
	EndGlobalSection
	GlobalSection(SolutionProperties) = preSolution
		HideSolutionNode = FALSE
	EndGlobalSection
	GlobalSection(ExtensibilityGlobals) = postSolution
		SolutionGuid = {3DE8E59E-D54E-45BA-9415-14064C05B3D9}
	EndGlobalSection
EndGlobal
